
Microsoft Visual Studio Solution File, Format Version 12.00
# Visual Studio Version 16
VisualStudioVersion = 16.0.30907.101
MinimumVisualStudioVersion = 10.0.40219.1
Project("{FAE04EC0-301F-11D3-BF4B-00C04F79EFBC}") = "FunctionAppDemo", "FunctionAppDemo.csproj", "{D3FF2012-1B90-447D-876D-139B735086C5}"
EndProject
Global
	GlobalSection(SolutionConfigurationPlatforms) = preSolution
		Debug|Any CPU = Debug|Any CPU
		Release|Any CPU = Release|Any CPU
	EndGlobalSection
	GlobalSection(ProjectConfigurationPlatforms) = postSolution
		{D3FF2012-1B90-447D-876D-139B735086C5}.Debug|Any CPU.ActiveCfg = Debug|Any CPU
		{D3FF2012-1B90-447D-876D-139B735086C5}.Debug|Any CPU.Build.0 = Debug|Any CPU
		{D3FF2012-1B90-447D-876D-139B735086C5}.Release|Any CPU.ActiveCfg = Release|Any CPU
		{D3FF2012-1B90-447D-876D-139B735086C5}.Release|Any CPU.Build.0 = Release|Any CPU
	EndGlobalSection
	GlobalSection(SolutionProperties) = preSolution
		HideSolutionNode = FALSE
	EndGlobalSection
	GlobalSection(ExtensibilityGlobals) = postSolution
		SolutionGuid = {B0D3EAE6-EBDE-43C0-B731-B73CD278335B}
	EndGlobalSection
EndGlobal
